
Microsoft Visual Studio Solution File, Format Version 12.00
# Visual Studio Version 17
VisualStudioVersion = 17.13.35828.75
MinimumVisualStudioVersion = 10.0.40219.1
Project("{FAE04EC0-301F-11D3-BF4B-00C04F79EFBC}") = "TicketBookingApp", "TicketBookingApp\TicketBookingApp.csproj", "{EA49ACA5-EA9A-44D2-85F0-8D7B2A33C1F5}"
EndProject
Global
	GlobalSection(SolutionConfigurationPlatforms) = preSolution
		Debug|Any CPU = Debug|Any CPU
		Release|Any CPU = Release|Any CPU
	EndGlobalSection
	GlobalSection(ProjectConfigurationPlatforms) = postSolution
		{EA49ACA5-EA9A-44D2-85F0-8D7B2A33C1F5}.Debug|Any CPU.ActiveCfg = Debug|Any CPU
		{EA49ACA5-EA9A-44D2-85F0-8D7B2A33C1F5}.Debug|Any CPU.Build.0 = Debug|Any CPU
		{EA49ACA5-EA9A-44D2-85F0-8D7B2A33C1F5}.Release|Any CPU.ActiveCfg = Release|Any CPU
		{EA49ACA5-EA9A-44D2-85F0-8D7B2A33C1F5}.Release|Any CPU.Build.0 = Release|Any CPU
	EndGlobalSection
	GlobalSection(SolutionProperties) = preSolution
		HideSolutionNode = FALSE
	EndGlobalSection
	GlobalSection(ExtensibilityGlobals) = postSolution
		SolutionGuid = {053BD0B0-14B0-41FC-AF5D-CE956EC65C0D}
	EndGlobalSection
EndGlobal
